
Microsoft Visual Studio Solution File, Format Version 12.00
# Visual Studio Version 16
VisualStudioVersion = 16.0.32106.194
MinimumVisualStudioVersion = 10.0.40219.1
Project("{9A19103F-16F7-4668-BE54-9A1E7A4F7556}") = "Books-WebAPI", "Books-WebAPI.csproj", "{4A52080A-1549-4E3C-9213-5FF1B44B1560}"
EndProject
Project("{FAE04EC0-301F-11D3-BF4B-00C04F79EFBC}") = "TestProject1", "..\TestProject1\TestProject1.csproj", "{0F9FB10A-58B4-4AB4-AEBC-89638EE7DDDE}"
EndProject
Global
	GlobalSection(SolutionConfigurationPlatforms) = preSolution
		Debug|Any CPU = Debug|Any CPU
		Release|Any CPU = Release|Any CPU
	EndGlobalSection
	GlobalSection(ProjectConfigurationPlatforms) = postSolution
		{4A52080A-1549-4E3C-9213-5FF1B44B1560}.Debug|Any CPU.ActiveCfg = Debug|Any CPU
		{4A52080A-1549-4E3C-9213-5FF1B44B1560}.Debug|Any CPU.Build.0 = Debug|Any CPU
		{4A52080A-1549-4E3C-9213-5FF1B44B1560}.Release|Any CPU.ActiveCfg = Release|Any CPU
		{4A52080A-1549-4E3C-9213-5FF1B44B1560}.Release|Any CPU.Build.0 = Release|Any CPU
		{0F9FB10A-58B4-4AB4-AEBC-89638EE7DDDE}.Debug|Any CPU.ActiveCfg = Debug|Any CPU
		{0F9FB10A-58B4-4AB4-AEBC-89638EE7DDDE}.Debug|Any CPU.Build.0 = Debug|Any CPU
		{0F9FB10A-58B4-4AB4-AEBC-89638EE7DDDE}.Release|Any CPU.ActiveCfg = Release|Any CPU
		{0F9FB10A-58B4-4AB4-AEBC-89638EE7DDDE}.Release|Any CPU.Build.0 = Release|Any CPU
	EndGlobalSection
	GlobalSection(SolutionProperties) = preSolution
		HideSolutionNode = FALSE
	EndGlobalSection
	GlobalSection(ExtensibilityGlobals) = postSolution
		SolutionGuid = {840F1B59-4D24-4269-9865-DA1572C551B9}
	EndGlobalSection
EndGlobal
